
Microsoft Visual Studio Solution File, Format Version 12.00
# Visual Studio Version 17
VisualStudioVersion = 17.7.34031.279
MinimumVisualStudioVersion = 10.0.40219.1
Project("{FAE04EC0-301F-11D3-BF4B-00C04F79EFBC}") = "idstar-web-api", "idstar-web-api.csproj", "{B6B1658D-ABCD-4EAD-9816-7BE1C188137E}"
EndProject
Global
	GlobalSection(SolutionConfigurationPlatforms) = preSolution
		Debug|Any CPU = Debug|Any CPU
		Release|Any CPU = Release|Any CPU
	EndGlobalSection
	GlobalSection(ProjectConfigurationPlatforms) = postSolution
		{B6B1658D-ABCD-4EAD-9816-7BE1C188137E}.Debug|Any CPU.ActiveCfg = Debug|Any CPU
		{B6B1658D-ABCD-4EAD-9816-7BE1C188137E}.Debug|Any CPU.Build.0 = Debug|Any CPU
		{B6B1658D-ABCD-4EAD-9816-7BE1C188137E}.Release|Any CPU.ActiveCfg = Release|Any CPU
		{B6B1658D-ABCD-4EAD-9816-7BE1C188137E}.Release|Any CPU.Build.0 = Release|Any CPU
	EndGlobalSection
	GlobalSection(SolutionProperties) = preSolution
		HideSolutionNode = FALSE
	EndGlobalSection
	GlobalSection(ExtensibilityGlobals) = postSolution
		SolutionGuid = {948DFA38-106B-4E67-A4A0-AB3C19B257CB}
	EndGlobalSection
EndGlobal
